
Microsoft Visual Studio Solution File, Format Version 12.00
# Visual Studio Version 16
VisualStudioVersion = 16.0.31205.134
MinimumVisualStudioVersion = 10.0.40219.1
Project("{FAE04EC0-301F-11D3-BF4B-00C04F79EFBC}") = "Apka", "Apka\Apka.csproj", "{F2298C8A-8B00-4E88-AAF5-D0BD4220891A}"
EndProject
Global
	GlobalSection(SolutionConfigurationPlatforms) = preSolution
		Debug|Any CPU = Debug|Any CPU
		Release|Any CPU = Release|Any CPU
	EndGlobalSection
	GlobalSection(ProjectConfigurationPlatforms) = postSolution
		{F2298C8A-8B00-4E88-AAF5-D0BD4220891A}.Debug|Any CPU.ActiveCfg = Debug|Any CPU
		{F2298C8A-8B00-4E88-AAF5-D0BD4220891A}.Debug|Any CPU.Build.0 = Debug|Any CPU
		{F2298C8A-8B00-4E88-AAF5-D0BD4220891A}.Release|Any CPU.ActiveCfg = Release|Any CPU
		{F2298C8A-8B00-4E88-AAF5-D0BD4220891A}.Release|Any CPU.Build.0 = Release|Any CPU
	EndGlobalSection
	GlobalSection(SolutionProperties) = preSolution
		HideSolutionNode = FALSE
	EndGlobalSection
	GlobalSection(ExtensibilityGlobals) = postSolution
		SolutionGuid = {2681B75A-CAD4-419A-A3AA-4D1F39B12C07}
	EndGlobalSection
EndGlobal
